
Microsoft Visual Studio Solution File, Format Version 12.00
# Visual Studio Version 17
VisualStudioVersion = 17.9.34701.34
MinimumVisualStudioVersion = 10.0.40219.1
Project("{FAE04EC0-301F-11D3-BF4B-00C04F79EFBC}") = "ZincBrowser", "ZincBrowser\ZincBrowser.csproj", "{BF6DA2CA-4547-4D8A-B8C1-BF28F609E580}"
EndProject
Global
	GlobalSection(SolutionConfigurationPlatforms) = preSolution
		Debug|Any CPU = Debug|Any CPU
		Release|Any CPU = Release|Any CPU
	EndGlobalSection
	GlobalSection(ProjectConfigurationPlatforms) = postSolution
		{BF6DA2CA-4547-4D8A-B8C1-BF28F609E580}.Debug|Any CPU.ActiveCfg = Debug|Any CPU
		{BF6DA2CA-4547-4D8A-B8C1-BF28F609E580}.Debug|Any CPU.Build.0 = Debug|Any CPU
		{BF6DA2CA-4547-4D8A-B8C1-BF28F609E580}.Release|Any CPU.ActiveCfg = Release|Any CPU
		{BF6DA2CA-4547-4D8A-B8C1-BF28F609E580}.Release|Any CPU.Build.0 = Release|Any CPU
	EndGlobalSection
	GlobalSection(SolutionProperties) = preSolution
		HideSolutionNode = FALSE
	EndGlobalSection
	GlobalSection(ExtensibilityGlobals) = postSolution
		SolutionGuid = {C72A0EB7-F0C3-43FB-A223-CCEFA181D207}
	EndGlobalSection
EndGlobal
